// !$*UTF8*$!
{
	archiveVersion = 1;
	classes = {
	};
	objectVersion = 50;
	objects = {

/* Begin PBXBuildFile section */
		14A3F92720FDBAEF001CBB48 /* main.cpp in Sources */ = {isa = PBXBuildFile; fileRef = 14A3F92620FDBAEF001CBB48 /* main.cpp */; };
		14A3F93220FDBB81001CBB48 /* SYOpenALPlayer.cpp in Sources */ = {isa = PBXBuildFile; fileRef = 14A3F92E20FDBB81001CBB48 /* SYOpenALPlayer.cpp */; };
		14A3F93320FDBB81001CBB48 /* SYWavHeader.cpp in Sources */ = {isa = PBXBuildFile; fileRef = 14A3F93020FDBB81001CBB48 /* SYWavHeader.cpp */; };
		14A3F93920FDBC03001CBB48 /* OpenAL.framework in Frameworks */ = {isa = PBXBuildFile; fileRef = 14A3F93820FDBC03001CBB48 /* OpenAL.framework */; };
/* End PBXBuildFile section */

/* Begin PBXCopyFilesBuildPhase section */
		14A3F92120FDBAEF001CBB48 /* CopyFiles */ = {
			isa = PBXCopyFilesBuildPhase;
			buildActionMask = 2147483647;
			dstPath = /usr/share/man/man1/;
			dstSubfolderSpec = 0;
			files = (
			);
			runOnlyForDeploymentPostprocessing = 1;
		};
/* End PBXCopyFilesBuildPhase section */

/* Begin PBXFileReference section */
		14A3F92320FDBAEF001CBB48 /* SYOpenALPlayerExample */ = {isa = PBXFileReference; explicitFileType = "compiled.mach-o.executable"; includeInIndex = 0; path = SYOpenALPlayerExample; sourceTree = BUILT_PRODUCTS_DIR; };
		14A3F92620FDBAEF001CBB48 /* main.cpp */ = {isa = PBXFileReference; lastKnownFileType = sourcecode.cpp.cpp; path = main.cpp; sourceTree = "<group>"; };
		14A3F92E20FDBB81001CBB48 /* SYOpenALPlayer.cpp */ = {isa = PBXFileReference; fileEncoding = 4; lastKnownFileType = sourcecode.cpp.cpp; path = SYOpenALPlayer.cpp; sourceTree = "<group>"; };
		14A3F92F20FDBB81001CBB48 /* SYWavHeader.h */ = {isa = PBXFileReference; fileEncoding = 4; lastKnownFileType = sourcecode.c.h; path = SYWavHeader.h; sourceTree = "<group>"; };
		14A3F93020FDBB81001CBB48 /* SYWavHeader.cpp */ = {isa = PBXFileReference; fileEncoding = 4; lastKnownFileType = sourcecode.cpp.cpp; path = SYWavHeader.cpp; sourceTree = "<group>"; };
		14A3F93120FDBB81001CBB48 /* SYOpenALPlayer.h */ = {isa = PBXFileReference; fileEncoding = 4; lastKnownFileType = sourcecode.c.h; path = SYOpenALPlayer.h; sourceTree = "<group>"; };
		14A3F93820FDBC03001CBB48 /* OpenAL.framework */ = {isa = PBXFileReference; lastKnownFileType = wrapper.framework; name = OpenAL.framework; path = System/Library/Frameworks/OpenAL.framework; sourceTree = SDKROOT; };
/* End PBXFileReference section */

/* Begin PBXFrameworksBuildPhase section */
		14A3F92020FDBAEF001CBB48 /* Frameworks */ = {
			isa = PBXFrameworksBuildPhase;
			buildActionMask = 2147483647;
			files = (
				14A3F93920FDBC03001CBB48 /* OpenAL.framework in Frameworks */,
			);
			runOnlyForDeploymentPostprocessing = 0;
		};
/* End PBXFrameworksBuildPhase section */

/* Begin PBXGroup section */
		14A3F91A20FDBAEE001CBB48 = {
			isa = PBXGroup;
			children = (
				14A3F92D20FDBB2F001CBB48 /* SYOpenALPlayer */,
				14A3F92520FDBAEF001CBB48 /* SYOpenALPlayerExample */,
				14A3F92420FDBAEF001CBB48 /* Products */,
				14A3F93720FDBC03001CBB48 /* Frameworks */,
			);
			sourceTree = "<group>";
		};
		14A3F92420FDBAEF001CBB48 /* Products */ = {
			isa = PBXGroup;
			children = (
				14A3F92320FDBAEF001CBB48 /* SYOpenALPlayerExample */,
			);
			name = Products;
			sourceTree = "<group>";
		};
		14A3F92520FDBAEF001CBB48 /* SYOpenALPlayerExample */ = {
			isa = PBXGroup;
			children = (
				14A3F93420FDBB8C001CBB48 /* Resources */,
				14A3F92620FDBAEF001CBB48 /* main.cpp */,
			);
			path = SYOpenALPlayerExample;
			sourceTree = "<group>";
		};
		14A3F92D20FDBB2F001CBB48 /* SYOpenALPlayer */ = {
			isa = PBXGroup;
			children = (
				14A3F92E20FDBB81001CBB48 /* SYOpenALPlayer.cpp */,
				14A3F93120FDBB81001CBB48 /* SYOpenALPlayer.h */,
				14A3F93020FDBB81001CBB48 /* SYWavHeader.cpp */,
				14A3F92F20FDBB81001CBB48 /* SYWavHeader.h */,
			);
			path = SYOpenALPlayer;
			sourceTree = "<group>";
		};
		14A3F93420FDBB8C001CBB48 /* Resources */ = {
			isa = PBXGroup;
			children = (
			);
			path = Resources;
			sourceTree = "<group>";
		};
		14A3F93720FDBC03001CBB48 /* Frameworks */ = {
			isa = PBXGroup;
			children = (
				14A3F93820FDBC03001CBB48 /* OpenAL.framework */,
			);
			name = Frameworks;
			sourceTree = "<group>";
		};
/* End PBXGroup section */

/* Begin PBXNativeTarget section */
		14A3F92220FDBAEF001CBB48 /* SYOpenALPlayerExample */ = {
			isa = PBXNativeTarget;
			buildConfigurationList = 14A3F92A20FDBAEF001CBB48 /* Build configuration list for PBXNativeTarget "SYOpenALPlayerExample" */;
			buildPhases = (
				14A3F91F20FDBAEF001CBB48 /* Sources */,
				14A3F92020FDBAEF001CBB48 /* Frameworks */,
				14A3F92120FDBAEF001CBB48 /* CopyFiles */,
			);
			buildRules = (
			);
			dependencies = (
			);
			name = SYOpenALPlayerExample;
			productName = SYOpenALPlayerExample;
			productReference = 14A3F92320FDBAEF001CBB48 /* SYOpenALPlayerExample */;
			productType = "com.apple.product-type.tool";
		};
/* End PBXNativeTarget section */

/* Begin PBXProject section */
		14A3F91B20FDBAEE001CBB48 /* Project object */ = {
			isa = PBXProject;
			attributes = {
				LastUpgradeCheck = 0940;
				ORGANIZATIONNAME = shenyuanluo;
				TargetAttributes = {
					14A3F92220FDBAEF001CBB48 = {
						CreatedOnToolsVersion = 9.4;
					};
				};
			};
			buildConfigurationList = 14A3F91E20FDBAEE001CBB48 /* Build configuration list for PBXProject "SYOpenALPlayerExample" */;
			compatibilityVersion = "Xcode 9.3";
			developmentRegion = en;
			hasScannedForEncodings = 0;
			knownRegions = (
				en,
			);
			mainGroup = 14A3F91A20FDBAEE001CBB48;
			productRefGroup = 14A3F92420FDBAEF001CBB48 /* Products */;
			projectDirPath = "";
			projectRoot = "";
			targets = (
				14A3F92220FDBAEF001CBB48 /* SYOpenALPlayerExample */,
			);
		};
/* End PBXProject section */

/* Begin PBXSourcesBuildPhase section */
		14A3F91F20FDBAEF001CBB48 /* Sources */ = {
			isa = PBXSourcesBuildPhase;
			buildActionMask = 2147483647;
			files = (
				14A3F93320FDBB81001CBB48 /* SYWavHeader.cpp in Sources */,
				14A3F92720FDBAEF001CBB48 /* main.cpp in Sources */,
				14A3F93220FDBB81001CBB48 /* SYOpenALPlayer.cpp in Sources */,
			);
			runOnlyForDeploymentPostprocessing = 0;
		};
/* End PBXSourcesBuildPhase section */

/* Begin XCBuildConfiguration section */
		14A3F92820FDBAEF001CBB48 /* Debug */ = {
			isa = XCBuildConfiguration;
			buildSettings = {
				ALWAYS_SEARCH_USER_PATHS = NO;
				CLANG_ANALYZER_NONNULL = YES;
				CLANG_ANALYZER_NUMBER_OBJECT_CONVERSION = YES_AGGRESSIVE;
				CLANG_CXX_LANGUAGE_STANDARD = "gnu++14";
				CLANG_CXX_LIBRARY = "libc++";
				CLANG_ENABLE_MODULES = YES;
				CLANG_ENABLE_OBJC_ARC = YES;
				CLANG_ENABLE_OBJC_WEAK = YES;
				CLANG_WARN_BLOCK_CAPTURE_AUTORELEASING = YES;
				CLANG_WARN_BOOL_CONVERSION = YES;
				CLANG_WARN_COMMA = YES;
				CLANG_WARN_CONSTANT_CONVERSION = YES;
				CLANG_WARN_DEPRECATED_OBJC_IMPLEMENTATIONS = YES;
				CLANG_WARN_DIRECT_OBJC_ISA_USAGE = YES_ERROR;
				CLANG_WARN_DOCUMENTATION_COMMENTS = YES;
				CLANG_WARN_EMPTY_BODY = YES;
				CLANG_WARN_ENUM_CONVERSION = YES;
				CLANG_WARN_INFINITE_RECURSION = YES;
				CLANG_WARN_INT_CONVERSION = YES;
				CLANG_WARN_NON_LITERAL_NULL_CONVERSION = YES;
				CLANG_WARN_OBJC_IMPLICIT_RETAIN_SELF = YES;
				CLANG_WARN_OBJC_LITERAL_CONVERSION = YES;
				CLANG_WARN_OBJC_ROOT_CLASS = YES_ERROR;
				CLANG_WARN_RANGE_LOOP_ANALYSIS = YES;
				CLANG_WARN_STRICT_PROTOTYPES = YES;
				CLANG_WARN_SUSPICIOUS_MOVE = YES;
				CLANG_WARN_UNGUARDED_AVAILABILITY = YES_AGGRESSIVE;
				CLANG_WARN_UNREACHABLE_CODE = YES;
				CLANG_WARN__DUPLICATE_METHOD_MATCH = YES;
				CODE_SIGN_IDENTITY = "-";
				COPY_PHASE_STRIP = NO;
				DEBUG_INFORMATION_FORMAT = dwarf;
				ENABLE_STRICT_OBJC_MSGSEND = YES;
				ENABLE_TESTABILITY = YES;
				GCC_C_LANGUAGE_STANDARD = gnu11;
				GCC_DYNAMIC_NO_PIC = NO;
				GCC_NO_COMMON_BLOCKS = YES;
				GCC_OPTIMIZATION_LEVEL = 0;
				GCC_PREPROCESSOR_DEFINITIONS = (
					"DEBUG=1",
					"$(inherited)",
				);
				GCC_WARN_64_TO_32_BIT_CONVERSION = YES;
				GCC_WARN_ABOUT_RETURN_TYPE = YES_ERROR;
				GCC_WARN_UNDECLARED_SELECTOR = YES;
				GCC_WARN_UNINITIALIZED_AUTOS = YES_AGGRESSIVE;
				GCC_WARN_UNUSED_FUNCTION = YES;
				GCC_WARN_UNUSED_VARIABLE = YES;
				MACOSX_DEPLOYMENT_TARGET = 10.13;
				MTL_ENABLE_DEBUG_INFO = YES;
				ONLY_ACTIVE_ARCH = YES;
				SDKROOT = macosx;
			};
			name = Debug;
		};
		14A3F92920FDBAEF001CBB48 /* Release */ = {
			isa = XCBuildConfiguration;
			buildSettings = {
				ALWAYS_SEARCH_USER_PATHS = NO;
				CLANG_ANALYZER_NONNULL = YES;
				CLANG_ANALYZER_NUMBER_OBJECT_CONVERSION = YES_AGGRESSIVE;
				CLANG_CXX_LANGUAGE_STANDARD = "gnu++14";
				CLANG_CXX_LIBRARY = "libc++";
				CLANG_ENABLE_MODULES = YES;
				CLANG_ENABLE_OBJC_ARC = YES;
				CLANG_ENABLE_OBJC_WEAK = YES;
				CLANG_WARN_BLOCK_CAPTURE_AUTORELEASING = YES;
				CLANG_WARN_BOOL_CONVERSION = YES;
				CLANG_WARN_COMMA = YES;
				CLANG_WARN_CONSTANT_CONVERSION = YES;
				CLANG_WARN_DEPRECATED_OBJC_IMPLEMENTATIONS = YES;
				CLANG_WARN_DIRECT_OBJC_ISA_USAGE = YES_ERROR;
				CLANG_WARN_DOCUMENTATION_COMMENTS = YES;
				CLANG_WARN_EMPTY_BODY = YES;
				CLANG_WARN_ENUM_CONVERSION = YES;
				CLANG_WARN_INFINITE_RECURSION = YES;
				CLANG_WARN_INT_CONVERSION = YES;
				CLANG_WARN_NON_LITERAL_NULL_CONVERSION = YES;
				CLANG_WARN_OBJC_IMPLICIT_RETAIN_SELF = YES;
				CLANG_WARN_OBJC_LITERAL_CONVERSION = YES;
				CLANG_WARN_OBJC_ROOT_CLASS = YES_ERROR;
				CLANG_WARN_RANGE_LOOP_ANALYSIS = YES;
				CLANG_WARN_STRICT_PROTOTYPES = YES;
				CLANG_WARN_SUSPICIOUS_MOVE = YES;
				CLANG_WARN_UNGUARDED_AVAILABILITY = YES_AGGRESSIVE;
				CLANG_WARN_UNREACHABLE_CODE = YES;
				CLANG_WARN__DUPLICATE_METHOD_MATCH = YES;
				CODE_SIGN_IDENTITY = "-";
				COPY_PHASE_STRIP = NO;
				DEBUG_INFORMATION_FORMAT = "dwarf-with-dsym";
				ENABLE_NS_ASSERTIONS = NO;
				ENABLE_STRICT_OBJC_MSGSEND = YES;
				GCC_C_LANGUAGE_STANDARD = gnu11;
				GCC_NO_COMMON_BLOCKS = YES;
				GCC_WARN_64_TO_32_BIT_CONVERSION = YES;
				GCC_WARN_ABOUT_RETURN_TYPE = YES_ERROR;
				GCC_WARN_UNDECLARED_SELECTOR = YES;
				GCC_WARN_UNINITIALIZED_AUTOS = YES_AGGRESSIVE;
				GCC_WARN_UNUSED_FUNCTION = YES;
				GCC_WARN_UNUSED_VARIABLE = YES;
				MACOSX_DEPLOYMENT_TARGET = 10.13;
				MTL_ENABLE_DEBUG_INFO = NO;
				SDKROOT = macosx;
			};
			name = Release;
		};
		14A3F92B20FDBAEF001CBB48 /* Debug */ = {
			isa = XCBuildConfiguration;
			buildSettings = {
				CODE_SIGN_STYLE = Automatic;
				PRODUCT_NAME = "$(TARGET_NAME)";
			};
			name = Debug;
		};
		14A3F92C20FDBAEF001CBB48 /* Release */ = {
			isa = XCBuildConfiguration;
			buildSettings = {
				CODE_SIGN_STYLE = Automatic;
				PRODUCT_NAME = "$(TARGET_NAME)";
			};
			name = Release;
		};
/* End XCBuildConfiguration section */

/* Begin XCConfigurationList section */
		14A3F91E20FDBAEE001CBB48 /* Build configuration list for PBXProject "SYOpenALPlayerExample" */ = {
			isa = XCConfigurationList;
			buildConfigurations = (
				14A3F92820FDBAEF001CBB48 /* Debug */,
				14A3F92920FDBAEF001CBB48 /* Release */,
			);
			defaultConfigurationIsVisible = 0;
			defaultConfigurationName = Release;
		};
		14A3F92A20FDBAEF001CBB48 /* Build configuration list for PBXNativeTarget "SYOpenALPlayerExample" */ = {
			isa = XCConfigurationList;
			buildConfigurations = (
				14A3F92B20FDBAEF001CBB48 /* Debug */,
				14A3F92C20FDBAEF001CBB48 /* Release */,
			);
			defaultConfigurationIsVisible = 0;
			defaultConfigurationName = Release;
		};
/* End XCConfigurationList section */
	};
	rootObject = 14A3F91B20FDBAEE001CBB48 /* Project object */;
}
