// !$*UTF8*$!
{
	archiveVersion = 1;
	classes = {
	};
	objectVersion = 46;
	objects = {

/* Begin PBXBuildFile section */
		14D67ACD1FF7E0350046F9BE /* main.cpp in Sources */ = {isa = PBXBuildFile; fileRef = 14D67ACC1FF7E0350046F9BE /* main.cpp */; };
		14D67AD91FF7E0550046F9BE /* SYOpenALPlayer.cpp in Sources */ = {isa = PBXBuildFile; fileRef = 14D67AD31FF7E0550046F9BE /* SYOpenALPlayer.cpp */; };
		14D67ADD1FF7E0660046F9BE /* OpenAL.framework in Frameworks */ = {isa = PBXBuildFile; fileRef = 14D67ADC1FF7E0660046F9BE /* OpenAL.framework */; };
		14D67AE01FF7E2FC0046F9BE /* SYWavParser.cpp in Sources */ = {isa = PBXBuildFile; fileRef = 14D67ADE1FF7E2FC0046F9BE /* SYWavParser.cpp */; };
/* End PBXBuildFile section */

/* Begin PBXCopyFilesBuildPhase section */
		14D67AC71FF7E0350046F9BE /* CopyFiles */ = {
			isa = PBXCopyFilesBuildPhase;
			buildActionMask = 2147483647;
			dstPath = /usr/share/man/man1/;
			dstSubfolderSpec = 0;
			files = (
			);
			runOnlyForDeploymentPostprocessing = 1;
		};
/* End PBXCopyFilesBuildPhase section */

/* Begin PBXFileReference section */
		1441DA3E1FF8BFB500E5CB51 /* TestAudio.wav */ = {isa = PBXFileReference; lastKnownFileType = audio.wav; path = TestAudio.wav; sourceTree = "<group>"; };
		14D67AC91FF7E0350046F9BE /* SYOpenALPlayer */ = {isa = PBXFileReference; explicitFileType = "compiled.mach-o.executable"; includeInIndex = 0; path = SYOpenALPlayer; sourceTree = BUILT_PRODUCTS_DIR; };
		14D67ACC1FF7E0350046F9BE /* main.cpp */ = {isa = PBXFileReference; lastKnownFileType = sourcecode.cpp.cpp; path = main.cpp; sourceTree = "<group>"; };
		14D67AD31FF7E0550046F9BE /* SYOpenALPlayer.cpp */ = {isa = PBXFileReference; fileEncoding = 4; lastKnownFileType = sourcecode.cpp.cpp; path = SYOpenALPlayer.cpp; sourceTree = "<group>"; };
		14D67AD41FF7E0550046F9BE /* SYOpenALPlayer.hpp */ = {isa = PBXFileReference; fileEncoding = 4; lastKnownFileType = sourcecode.cpp.h; path = SYOpenALPlayer.hpp; sourceTree = "<group>"; };
		14D67AD81FF7E0550046F9BE /* wav-sound-format.gif */ = {isa = PBXFileReference; lastKnownFileType = image.gif; path = "wav-sound-format.gif"; sourceTree = "<group>"; };
		14D67ADC1FF7E0660046F9BE /* OpenAL.framework */ = {isa = PBXFileReference; lastKnownFileType = wrapper.framework; name = OpenAL.framework; path = System/Library/Frameworks/OpenAL.framework; sourceTree = SDKROOT; };
		14D67ADE1FF7E2FC0046F9BE /* SYWavParser.cpp */ = {isa = PBXFileReference; fileEncoding = 4; lastKnownFileType = sourcecode.cpp.cpp; path = SYWavParser.cpp; sourceTree = "<group>"; };
		14D67ADF1FF7E2FC0046F9BE /* SYWavParser.hpp */ = {isa = PBXFileReference; fileEncoding = 4; lastKnownFileType = sourcecode.cpp.h; path = SYWavParser.hpp; sourceTree = "<group>"; };
/* End PBXFileReference section */

/* Begin PBXFrameworksBuildPhase section */
		14D67AC61FF7E0350046F9BE /* Frameworks */ = {
			isa = PBXFrameworksBuildPhase;
			buildActionMask = 2147483647;
			files = (
				14D67ADD1FF7E0660046F9BE /* OpenAL.framework in Frameworks */,
			);
			runOnlyForDeploymentPostprocessing = 0;
		};
/* End PBXFrameworksBuildPhase section */

/* Begin PBXGroup section */
		1441DA3D1FF8BFB500E5CB51 /* Source */ = {
			isa = PBXGroup;
			children = (
				1441DA3E1FF8BFB500E5CB51 /* TestAudio.wav */,
			);
			path = Source;
			sourceTree = "<group>";
		};
		14D67AC01FF7E0350046F9BE = {
			isa = PBXGroup;
			children = (
				14D67ACB1FF7E0350046F9BE /* SYOpenALPlayer */,
				14D67ACA1FF7E0350046F9BE /* Products */,
				14D67ADB1FF7E0660046F9BE /* Frameworks */,
			);
			sourceTree = "<group>";
		};
		14D67ACA1FF7E0350046F9BE /* Products */ = {
			isa = PBXGroup;
			children = (
				14D67AC91FF7E0350046F9BE /* SYOpenALPlayer */,
			);
			name = Products;
			sourceTree = "<group>";
		};
		14D67ACB1FF7E0350046F9BE /* SYOpenALPlayer */ = {
			isa = PBXGroup;
			children = (
				14D67AD51FF7E0550046F9BE /* SYWavParser */,
				1441DA3D1FF8BFB500E5CB51 /* Source */,
				14D67AD41FF7E0550046F9BE /* SYOpenALPlayer.hpp */,
				14D67AD31FF7E0550046F9BE /* SYOpenALPlayer.cpp */,
				14D67ACC1FF7E0350046F9BE /* main.cpp */,
			);
			path = SYOpenALPlayer;
			sourceTree = "<group>";
		};
		14D67AD51FF7E0550046F9BE /* SYWavParser */ = {
			isa = PBXGroup;
			children = (
				14D67AD81FF7E0550046F9BE /* wav-sound-format.gif */,
				14D67ADF1FF7E2FC0046F9BE /* SYWavParser.hpp */,
				14D67ADE1FF7E2FC0046F9BE /* SYWavParser.cpp */,
			);
			path = SYWavParser;
			sourceTree = "<group>";
		};
		14D67ADB1FF7E0660046F9BE /* Frameworks */ = {
			isa = PBXGroup;
			children = (
				14D67ADC1FF7E0660046F9BE /* OpenAL.framework */,
			);
			name = Frameworks;
			sourceTree = "<group>";
		};
/* End PBXGroup section */

/* Begin PBXNativeTarget section */
		14D67AC81FF7E0350046F9BE /* SYOpenALPlayer */ = {
			isa = PBXNativeTarget;
			buildConfigurationList = 14D67AD01FF7E0350046F9BE /* Build configuration list for PBXNativeTarget "SYOpenALPlayer" */;
			buildPhases = (
				14D67AC51FF7E0350046F9BE /* Sources */,
				14D67AC61FF7E0350046F9BE /* Frameworks */,
				14D67AC71FF7E0350046F9BE /* CopyFiles */,
			);
			buildRules = (
			);
			dependencies = (
			);
			name = SYOpenALPlayer;
			productName = SYOpenALPlayer;
			productReference = 14D67AC91FF7E0350046F9BE /* SYOpenALPlayer */;
			productType = "com.apple.product-type.tool";
		};
/* End PBXNativeTarget section */

/* Begin PBXProject section */
		14D67AC11FF7E0350046F9BE /* Project object */ = {
			isa = PBXProject;
			attributes = {
				LastUpgradeCheck = 0830;
				ORGANIZATIONNAME = shenyuanluo;
				TargetAttributes = {
					14D67AC81FF7E0350046F9BE = {
						CreatedOnToolsVersion = 8.3.3;
						ProvisioningStyle = Automatic;
					};
				};
			};
			buildConfigurationList = 14D67AC41FF7E0350046F9BE /* Build configuration list for PBXProject "SYOpenALPlayer" */;
			compatibilityVersion = "Xcode 3.2";
			developmentRegion = English;
			hasScannedForEncodings = 0;
			knownRegions = (
				en,
			);
			mainGroup = 14D67AC01FF7E0350046F9BE;
			productRefGroup = 14D67ACA1FF7E0350046F9BE /* Products */;
			projectDirPath = "";
			projectRoot = "";
			targets = (
				14D67AC81FF7E0350046F9BE /* SYOpenALPlayer */,
			);
		};
/* End PBXProject section */

/* Begin PBXSourcesBuildPhase section */
		14D67AC51FF7E0350046F9BE /* Sources */ = {
			isa = PBXSourcesBuildPhase;
			buildActionMask = 2147483647;
			files = (
				14D67AE01FF7E2FC0046F9BE /* SYWavParser.cpp in Sources */,
				14D67ACD1FF7E0350046F9BE /* main.cpp in Sources */,
				14D67AD91FF7E0550046F9BE /* SYOpenALPlayer.cpp in Sources */,
			);
			runOnlyForDeploymentPostprocessing = 0;
		};
/* End PBXSourcesBuildPhase section */

/* Begin XCBuildConfiguration section */
		14D67ACE1FF7E0350046F9BE /* Debug */ = {
			isa = XCBuildConfiguration;
			buildSettings = {
				ALWAYS_SEARCH_USER_PATHS = NO;
				CLANG_ANALYZER_NONNULL = YES;
				CLANG_ANALYZER_NUMBER_OBJECT_CONVERSION = YES_AGGRESSIVE;
				CLANG_CXX_LANGUAGE_STANDARD = "gnu++0x";
				CLANG_CXX_LIBRARY = "libc++";
				CLANG_ENABLE_MODULES = YES;
				CLANG_ENABLE_OBJC_ARC = YES;
				CLANG_WARN_BOOL_CONVERSION = YES;
				CLANG_WARN_CONSTANT_CONVERSION = YES;
				CLANG_WARN_DIRECT_OBJC_ISA_USAGE = YES_ERROR;
				CLANG_WARN_DOCUMENTATION_COMMENTS = YES;
				CLANG_WARN_EMPTY_BODY = YES;
				CLANG_WARN_ENUM_CONVERSION = YES;
				CLANG_WARN_INFINITE_RECURSION = YES;
				CLANG_WARN_INT_CONVERSION = YES;
				CLANG_WARN_OBJC_ROOT_CLASS = YES_ERROR;
				CLANG_WARN_SUSPICIOUS_MOVE = YES;
				CLANG_WARN_UNREACHABLE_CODE = YES;
				CLANG_WARN__DUPLICATE_METHOD_MATCH = YES;
				CODE_SIGN_IDENTITY = "-";
				COPY_PHASE_STRIP = NO;
				DEBUG_INFORMATION_FORMAT = dwarf;
				ENABLE_STRICT_OBJC_MSGSEND = YES;
				ENABLE_TESTABILITY = YES;
				GCC_C_LANGUAGE_STANDARD = gnu99;
				GCC_DYNAMIC_NO_PIC = NO;
				GCC_NO_COMMON_BLOCKS = YES;
				GCC_OPTIMIZATION_LEVEL = 0;
				GCC_PREPROCESSOR_DEFINITIONS = (
					"DEBUG=1",
					"$(inherited)",
				);
				GCC_WARN_64_TO_32_BIT_CONVERSION = YES;
				GCC_WARN_ABOUT_RETURN_TYPE = YES_ERROR;
				GCC_WARN_UNDECLARED_SELECTOR = YES;
				GCC_WARN_UNINITIALIZED_AUTOS = YES_AGGRESSIVE;
				GCC_WARN_UNUSED_FUNCTION = YES;
				GCC_WARN_UNUSED_VARIABLE = YES;
				MACOSX_DEPLOYMENT_TARGET = 10.12;
				MTL_ENABLE_DEBUG_INFO = YES;
				ONLY_ACTIVE_ARCH = YES;
				SDKROOT = macosx;
			};
			name = Debug;
		};
		14D67ACF1FF7E0350046F9BE /* Release */ = {
			isa = XCBuildConfiguration;
			buildSettings = {
				ALWAYS_SEARCH_USER_PATHS = NO;
				CLANG_ANALYZER_NONNULL = YES;
				CLANG_ANALYZER_NUMBER_OBJECT_CONVERSION = YES_AGGRESSIVE;
				CLANG_CXX_LANGUAGE_STANDARD = "gnu++0x";
				CLANG_CXX_LIBRARY = "libc++";
				CLANG_ENABLE_MODULES = YES;
				CLANG_ENABLE_OBJC_ARC = YES;
				CLANG_WARN_BOOL_CONVERSION = YES;
				CLANG_WARN_CONSTANT_CONVERSION = YES;
				CLANG_WARN_DIRECT_OBJC_ISA_USAGE = YES_ERROR;
				CLANG_WARN_DOCUMENTATION_COMMENTS = YES;
				CLANG_WARN_EMPTY_BODY = YES;
				CLANG_WARN_ENUM_CONVERSION = YES;
				CLANG_WARN_INFINITE_RECURSION = YES;
				CLANG_WARN_INT_CONVERSION = YES;
				CLANG_WARN_OBJC_ROOT_CLASS = YES_ERROR;
				CLANG_WARN_SUSPICIOUS_MOVE = YES;
				CLANG_WARN_UNREACHABLE_CODE = YES;
				CLANG_WARN__DUPLICATE_METHOD_MATCH = YES;
				CODE_SIGN_IDENTITY = "-";
				COPY_PHASE_STRIP = NO;
				DEBUG_INFORMATION_FORMAT = "dwarf-with-dsym";
				ENABLE_NS_ASSERTIONS = NO;
				ENABLE_STRICT_OBJC_MSGSEND = YES;
				GCC_C_LANGUAGE_STANDARD = gnu99;
				GCC_NO_COMMON_BLOCKS = YES;
				GCC_WARN_64_TO_32_BIT_CONVERSION = YES;
				GCC_WARN_ABOUT_RETURN_TYPE = YES_ERROR;
				GCC_WARN_UNDECLARED_SELECTOR = YES;
				GCC_WARN_UNINITIALIZED_AUTOS = YES_AGGRESSIVE;
				GCC_WARN_UNUSED_FUNCTION = YES;
				GCC_WARN_UNUSED_VARIABLE = YES;
				MACOSX_DEPLOYMENT_TARGET = 10.12;
				MTL_ENABLE_DEBUG_INFO = NO;
				SDKROOT = macosx;
			};
			name = Release;
		};
		14D67AD11FF7E0350046F9BE /* Debug */ = {
			isa = XCBuildConfiguration;
			buildSettings = {
				MACOSX_DEPLOYMENT_TARGET = 10.8;
				PRODUCT_NAME = "$(TARGET_NAME)";
			};
			name = Debug;
		};
		14D67AD21FF7E0350046F9BE /* Release */ = {
			isa = XCBuildConfiguration;
			buildSettings = {
				MACOSX_DEPLOYMENT_TARGET = 10.8;
				PRODUCT_NAME = "$(TARGET_NAME)";
			};
			name = Release;
		};
/* End XCBuildConfiguration section */

/* Begin XCConfigurationList section */
		14D67AC41FF7E0350046F9BE /* Build configuration list for PBXProject "SYOpenALPlayer" */ = {
			isa = XCConfigurationList;
			buildConfigurations = (
				14D67ACE1FF7E0350046F9BE /* Debug */,
				14D67ACF1FF7E0350046F9BE /* Release */,
			);
			defaultConfigurationIsVisible = 0;
			defaultConfigurationName = Release;
		};
		14D67AD01FF7E0350046F9BE /* Build configuration list for PBXNativeTarget "SYOpenALPlayer" */ = {
			isa = XCConfigurationList;
			buildConfigurations = (
				14D67AD11FF7E0350046F9BE /* Debug */,
				14D67AD21FF7E0350046F9BE /* Release */,
			);
			defaultConfigurationIsVisible = 0;
			defaultConfigurationName = Release;
		};
/* End XCConfigurationList section */
	};
	rootObject = 14D67AC11FF7E0350046F9BE /* Project object */;
}
